
Microsoft Visual Studio Solution File, Format Version 12.00
# Visual Studio Version 17
VisualStudioVersion = 17.0.31903.59
MinimumVisualStudioVersion = 10.0.40219.1
Project("{2150E333-8FDC-42A3-9474-1A3956D46DE8}") = "src", "src", "{82AC05AD-9B77-43F2-95AA-2373612909CF}"
EndProject
Project("{FAE04EC0-301F-11D3-BF4B-00C04F79EFBC}") = "GymartMain", "src\Main\GymartMain.csproj", "{94B9265D-E6AB-4E0E-B367-546D9A68E794}"
EndProject
Project("{FAE04EC0-301F-11D3-BF4B-00C04F79EFBC}") = "LightPolution", "src\LightPolution\LightPolution.csproj", "{8E71FA7A-1708-4A5D-B64E-B60597224CC3}"
EndProject
Project("{FAE04EC0-301F-11D3-BF4B-00C04F79EFBC}") = "Weather", "src\Weather\Weather.csproj", "{16287B4A-104A-4923-AB1C-D5385C0D83DB}"
EndProject
Global
	GlobalSection(SolutionConfigurationPlatforms) = preSolution
		Debug|Any CPU = Debug|Any CPU
		Release|Any CPU = Release|Any CPU
	EndGlobalSection
	GlobalSection(SolutionProperties) = preSolution
		HideSolutionNode = FALSE
	EndGlobalSection
	GlobalSection(ProjectConfigurationPlatforms) = postSolution
		{94B9265D-E6AB-4E0E-B367-546D9A68E794}.Debug|Any CPU.ActiveCfg = Debug|Any CPU
		{94B9265D-E6AB-4E0E-B367-546D9A68E794}.Debug|Any CPU.Build.0 = Debug|Any CPU
		{94B9265D-E6AB-4E0E-B367-546D9A68E794}.Release|Any CPU.ActiveCfg = Release|Any CPU
		{94B9265D-E6AB-4E0E-B367-546D9A68E794}.Release|Any CPU.Build.0 = Release|Any CPU
		{8E71FA7A-1708-4A5D-B64E-B60597224CC3}.Debug|Any CPU.ActiveCfg = Debug|Any CPU
		{8E71FA7A-1708-4A5D-B64E-B60597224CC3}.Debug|Any CPU.Build.0 = Debug|Any CPU
		{8E71FA7A-1708-4A5D-B64E-B60597224CC3}.Release|Any CPU.ActiveCfg = Release|Any CPU
		{8E71FA7A-1708-4A5D-B64E-B60597224CC3}.Release|Any CPU.Build.0 = Release|Any CPU
		{16287B4A-104A-4923-AB1C-D5385C0D83DB}.Debug|Any CPU.ActiveCfg = Debug|Any CPU
		{16287B4A-104A-4923-AB1C-D5385C0D83DB}.Debug|Any CPU.Build.0 = Debug|Any CPU
		{16287B4A-104A-4923-AB1C-D5385C0D83DB}.Release|Any CPU.ActiveCfg = Release|Any CPU
		{16287B4A-104A-4923-AB1C-D5385C0D83DB}.Release|Any CPU.Build.0 = Release|Any CPU
	EndGlobalSection
	GlobalSection(NestedProjects) = preSolution
		{94B9265D-E6AB-4E0E-B367-546D9A68E794} = {82AC05AD-9B77-43F2-95AA-2373612909CF}
		{8E71FA7A-1708-4A5D-B64E-B60597224CC3} = {82AC05AD-9B77-43F2-95AA-2373612909CF}
		{16287B4A-104A-4923-AB1C-D5385C0D83DB} = {82AC05AD-9B77-43F2-95AA-2373612909CF}
	EndGlobalSection
EndGlobal
